// !$*UTF8*$!
{
	archiveVersion = 1;
	classes = {
	};
	objectVersion = 56;
	objects = {

/* Begin PBXBuildFile section */
		64647DF92AEA8760001B42F8 /* ExchangeRates.swift in Sources */ = {isa = PBXBuildFile; fileRef = 64647DF82AEA8760001B42F8 /* ExchangeRates.swift */; };
		64647DFB2AEA9156001B42F8 /* ExchangeRatesResponse.swift in Sources */ = {isa = PBXBuildFile; fileRef = 64647DFA2AEA9156001B42F8 /* ExchangeRatesResponse.swift */; };
		64647DFE2AEAB34F001B42F8 /* MoneyExchangeView.swift in Sources */ = {isa = PBXBuildFile; fileRef = 64647DFD2AEAB34F001B42F8 /* MoneyExchangeView.swift */; };
		646EA24E2AEE554400A448B8 /* CurrencyConverter.swift in Sources */ = {isa = PBXBuildFile; fileRef = 646EA24D2AEE554400A448B8 /* CurrencyConverter.swift */; };
		646EA2512AEE830D00A448B8 /* FlagKit in Frameworks */ = {isa = PBXBuildFile; productRef = 646EA2502AEE830D00A448B8 /* FlagKit */; };
		646EA2532AEE95FB00A448B8 /* SearchBarView.swift in Sources */ = {isa = PBXBuildFile; fileRef = 646EA2522AEE95FB00A448B8 /* SearchBarView.swift */; };
		A152CE852AE8C57800870F2C /* IOS_Advanced_Assignment_4App.swift in Sources */ = {isa = PBXBuildFile; fileRef = A152CE842AE8C57800870F2C /* IOS_Advanced_Assignment_4App.swift */; };
		A152CE872AE8C57800870F2C /* ContentView.swift in Sources */ = {isa = PBXBuildFile; fileRef = A152CE862AE8C57800870F2C /* ContentView.swift */; };
		A152CE892AE8C57D00870F2C /* Assets.xcassets in Resources */ = {isa = PBXBuildFile; fileRef = A152CE882AE8C57D00870F2C /* Assets.xcassets */; };
		A152CE8C2AE8C57D00870F2C /* Preview Assets.xcassets in Resources */ = {isa = PBXBuildFile; fileRef = A152CE8B2AE8C57D00870F2C /* Preview Assets.xcassets */; };
		A152CE982AE8D90300870F2C /* HomeView.swift in Sources */ = {isa = PBXBuildFile; fileRef = A152CE972AE8D90200870F2C /* HomeView.swift */; };
		A152CE9A2AE8D91400870F2C /* CurrencyExchangeView.swift in Sources */ = {isa = PBXBuildFile; fileRef = A152CE992AE8D91400870F2C /* CurrencyExchangeView.swift */; };
		A152CE9C2AE8D92300870F2C /* SettingsView.swift in Sources */ = {isa = PBXBuildFile; fileRef = A152CE9B2AE8D92300870F2C /* SettingsView.swift */; };
		A152CE9E2AE8D93D00870F2C /* ModelData.swift in Sources */ = {isa = PBXBuildFile; fileRef = A152CE9D2AE8D93D00870F2C /* ModelData.swift */; };
		A152CEA02AE8D94800870F2C /* ThemeModifier.swift in Sources */ = {isa = PBXBuildFile; fileRef = A152CE9F2AE8D94800870F2C /* ThemeModifier.swift */; };
		A152CEA32AE8E23C00870F2C /* PersistenceController.swift in Sources */ = {isa = PBXBuildFile; fileRef = A152CEA22AE8E23C00870F2C /* PersistenceController.swift */; };
/* End PBXBuildFile section */

/* Begin PBXFileReference section */
		64647DF82AEA8760001B42F8 /* ExchangeRates.swift */ = {isa = PBXFileReference; lastKnownFileType = sourcecode.swift; path = ExchangeRates.swift; sourceTree = "<group>"; };
		64647DFA2AEA9156001B42F8 /* ExchangeRatesResponse.swift */ = {isa = PBXFileReference; lastKnownFileType = sourcecode.swift; name = ExchangeRatesResponse.swift; path = "IOS_Advanced_Assignment_4/View Model/ExchangeRatesResponse.swift"; sourceTree = SOURCE_ROOT; };
		64647DFC2AEA97CA001B42F8 /* IOS-Advanced-Assignment-4-Info.plist */ = {isa = PBXFileReference; lastKnownFileType = text.plist; path = "IOS-Advanced-Assignment-4-Info.plist"; sourceTree = SOURCE_ROOT; };
		64647DFD2AEAB34F001B42F8 /* MoneyExchangeView.swift */ = {isa = PBXFileReference; lastKnownFileType = sourcecode.swift; path = MoneyExchangeView.swift; sourceTree = "<group>"; };
		646EA24D2AEE554400A448B8 /* CurrencyConverter.swift */ = {isa = PBXFileReference; lastKnownFileType = sourcecode.swift; path = CurrencyConverter.swift; sourceTree = "<group>"; };
		646EA2522AEE95FB00A448B8 /* SearchBarView.swift */ = {isa = PBXFileReference; lastKnownFileType = sourcecode.swift; path = SearchBarView.swift; sourceTree = "<group>"; };
		A152CE812AE8C57800870F2C /* IOS_Advanced_Assignment_4.app */ = {isa = PBXFileReference; explicitFileType = wrapper.application; includeInIndex = 0; path = IOS_Advanced_Assignment_4.app; sourceTree = BUILT_PRODUCTS_DIR; };
		A152CE842AE8C57800870F2C /* IOS_Advanced_Assignment_4App.swift */ = {isa = PBXFileReference; lastKnownFileType = sourcecode.swift; path = IOS_Advanced_Assignment_4App.swift; sourceTree = "<group>"; };
		A152CE862AE8C57800870F2C /* ContentView.swift */ = {isa = PBXFileReference; lastKnownFileType = sourcecode.swift; path = ContentView.swift; sourceTree = "<group>"; };
		A152CE882AE8C57D00870F2C /* Assets.xcassets */ = {isa = PBXFileReference; lastKnownFileType = folder.assetcatalog; path = Assets.xcassets; sourceTree = "<group>"; };
		A152CE8B2AE8C57D00870F2C /* Preview Assets.xcassets */ = {isa = PBXFileReference; lastKnownFileType = folder.assetcatalog; path = "Preview Assets.xcassets"; sourceTree = "<group>"; };
		A152CE972AE8D90200870F2C /* HomeView.swift */ = {isa = PBXFileReference; lastKnownFileType = sourcecode.swift; path = HomeView.swift; sourceTree = "<group>"; };
		A152CE992AE8D91400870F2C /* CurrencyExchangeView.swift */ = {isa = PBXFileReference; lastKnownFileType = sourcecode.swift; path = CurrencyExchangeView.swift; sourceTree = "<group>"; };
		A152CE9B2AE8D92300870F2C /* SettingsView.swift */ = {isa = PBXFileReference; lastKnownFileType = sourcecode.swift; path = SettingsView.swift; sourceTree = "<group>"; };
		A152CE9D2AE8D93D00870F2C /* ModelData.swift */ = {isa = PBXFileReference; lastKnownFileType = sourcecode.swift; path = ModelData.swift; sourceTree = "<group>"; };
		A152CE9F2AE8D94800870F2C /* ThemeModifier.swift */ = {isa = PBXFileReference; lastKnownFileType = sourcecode.swift; path = ThemeModifier.swift; sourceTree = "<group>"; };
		A152CEA22AE8E23C00870F2C /* PersistenceController.swift */ = {isa = PBXFileReference; lastKnownFileType = sourcecode.swift; path = PersistenceController.swift; sourceTree = "<group>"; };
/* End PBXFileReference section */

/* Begin PBXFrameworksBuildPhase section */
		A152CE7E2AE8C57800870F2C /* Frameworks */ = {
			isa = PBXFrameworksBuildPhase;
			buildActionMask = 2147483647;
			files = (
				646EA2512AEE830D00A448B8 /* FlagKit in Frameworks */,
			);
			runOnlyForDeploymentPostprocessing = 0;
		};
/* End PBXFrameworksBuildPhase section */

/* Begin PBXGroup section */
		A152CE782AE8C57800870F2C = {
			isa = PBXGroup;
			children = (
				A152CE832AE8C57800870F2C /* IOS_Advanced_Assignment_4 */,
				A152CE822AE8C57800870F2C /* Products */,
			);
			sourceTree = "<group>";
		};
		A152CE822AE8C57800870F2C /* Products */ = {
			isa = PBXGroup;
			children = (
				A152CE812AE8C57800870F2C /* IOS_Advanced_Assignment_4.app */,
			);
			name = Products;
			sourceTree = "<group>";
		};
		A152CE832AE8C57800870F2C /* IOS_Advanced_Assignment_4 */ = {
			isa = PBXGroup;
			children = (
				64647DFC2AEA97CA001B42F8 /* IOS-Advanced-Assignment-4-Info.plist */,
				A152CEA12AE8E22B00870F2C /* CoreData */,
				A152CE842AE8C57800870F2C /* IOS_Advanced_Assignment_4App.swift */,
				A152CE862AE8C57800870F2C /* ContentView.swift */,
				A152CE962AE8D30E00870F2C /* View Model */,
				A152CE952AE8D30500870F2C /* Model */,
				A152CE932AE8D29600870F2C /* View */,
				A152CE882AE8C57D00870F2C /* Assets.xcassets */,
				A152CE8A2AE8C57D00870F2C /* Preview Content */,
			);
			path = IOS_Advanced_Assignment_4;
			sourceTree = "<group>";
		};
		A152CE8A2AE8C57D00870F2C /* Preview Content */ = {
			isa = PBXGroup;
			children = (
				A152CE8B2AE8C57D00870F2C /* Preview Assets.xcassets */,
			);
			path = "Preview Content";
			sourceTree = "<group>";
		};
		A152CE932AE8D29600870F2C /* View */ = {
			isa = PBXGroup;
			children = (
				A152CE972AE8D90200870F2C /* HomeView.swift */,
				A152CE992AE8D91400870F2C /* CurrencyExchangeView.swift */,
				A152CE9B2AE8D92300870F2C /* SettingsView.swift */,
				64647DFD2AEAB34F001B42F8 /* MoneyExchangeView.swift */,
				646EA2522AEE95FB00A448B8 /* SearchBarView.swift */,
			);
			path = View;
			sourceTree = "<group>";
		};
		A152CE952AE8D30500870F2C /* Model */ = {
			isa = PBXGroup;
			children = (
				64647DFA2AEA9156001B42F8 /* ExchangeRatesResponse.swift */,
			);
			path = Model;
			sourceTree = "<group>";
		};
		A152CE962AE8D30E00870F2C /* View Model */ = {
			isa = PBXGroup;
			children = (
				A152CE9D2AE8D93D00870F2C /* ModelData.swift */,
				A152CE9F2AE8D94800870F2C /* ThemeModifier.swift */,
				64647DF82AEA8760001B42F8 /* ExchangeRates.swift */,
				646EA24D2AEE554400A448B8 /* CurrencyConverter.swift */,
			);
			path = "View Model";
			sourceTree = "<group>";
		};
		A152CEA12AE8E22B00870F2C /* CoreData */ = {
			isa = PBXGroup;
			children = (
				A152CEA22AE8E23C00870F2C /* PersistenceController.swift */,
			);
			path = CoreData;
			sourceTree = "<group>";
		};
/* End PBXGroup section */

/* Begin PBXNativeTarget section */
		A152CE802AE8C57800870F2C /* IOS_Advanced_Assignment_4 */ = {
			isa = PBXNativeTarget;
			buildConfigurationList = A152CE8F2AE8C57D00870F2C /* Build configuration list for PBXNativeTarget "IOS_Advanced_Assignment_4" */;
			buildPhases = (
				A152CE7D2AE8C57800870F2C /* Sources */,
				A152CE7E2AE8C57800870F2C /* Frameworks */,
				A152CE7F2AE8C57800870F2C /* Resources */,
			);
			buildRules = (
			);
			dependencies = (
			);
			name = IOS_Advanced_Assignment_4;
			packageProductDependencies = (
				646EA2502AEE830D00A448B8 /* FlagKit */,
			);
			productName = IOS_Advanced_Assignment_4;
			productReference = A152CE812AE8C57800870F2C /* IOS_Advanced_Assignment_4.app */;
			productType = "com.apple.product-type.application";
		};
/* End PBXNativeTarget section */

/* Begin PBXProject section */
		A152CE792AE8C57800870F2C /* Project object */ = {
			isa = PBXProject;
			attributes = {
				BuildIndependentTargetsInParallel = 1;
				LastSwiftUpdateCheck = 1430;
				LastUpgradeCheck = 1430;
				TargetAttributes = {
					A152CE802AE8C57800870F2C = {
						CreatedOnToolsVersion = 14.3.1;
					};
				};
			};
			buildConfigurationList = A152CE7C2AE8C57800870F2C /* Build configuration list for PBXProject "IOS_Advanced_Assignment_4" */;
			compatibilityVersion = "Xcode 14.0";
			developmentRegion = en;
			hasScannedForEncodings = 0;
			knownRegions = (
				en,
				Base,
			);
			mainGroup = A152CE782AE8C57800870F2C;
			packageReferences = (
				646EA24F2AEE830D00A448B8 /* XCRemoteSwiftPackageReference "FlagKit" */,
			);
			productRefGroup = A152CE822AE8C57800870F2C /* Products */;
			projectDirPath = "";
			projectRoot = "";
			targets = (
				A152CE802AE8C57800870F2C /* IOS_Advanced_Assignment_4 */,
			);
		};
/* End PBXProject section */

/* Begin PBXResourcesBuildPhase section */
		A152CE7F2AE8C57800870F2C /* Resources */ = {
			isa = PBXResourcesBuildPhase;
			buildActionMask = 2147483647;
			files = (
				A152CE8C2AE8C57D00870F2C /* Preview Assets.xcassets in Resources */,
				A152CE892AE8C57D00870F2C /* Assets.xcassets in Resources */,
			);
			runOnlyForDeploymentPostprocessing = 0;
		};
/* End PBXResourcesBuildPhase section */

/* Begin PBXSourcesBuildPhase section */
		A152CE7D2AE8C57800870F2C /* Sources */ = {
			isa = PBXSourcesBuildPhase;
			buildActionMask = 2147483647;
			files = (
				A152CE9C2AE8D92300870F2C /* SettingsView.swift in Sources */,
				A152CE982AE8D90300870F2C /* HomeView.swift in Sources */,
				A152CE872AE8C57800870F2C /* ContentView.swift in Sources */,
				64647DFB2AEA9156001B42F8 /* ExchangeRatesResponse.swift in Sources */,
				A152CEA02AE8D94800870F2C /* ThemeModifier.swift in Sources */,
				64647DFE2AEAB34F001B42F8 /* MoneyExchangeView.swift in Sources */,
				64647DF92AEA8760001B42F8 /* ExchangeRates.swift in Sources */,
				A152CE9A2AE8D91400870F2C /* CurrencyExchangeView.swift in Sources */,
				A152CE852AE8C57800870F2C /* IOS_Advanced_Assignment_4App.swift in Sources */,
				646EA2532AEE95FB00A448B8 /* SearchBarView.swift in Sources */,
				646EA24E2AEE554400A448B8 /* CurrencyConverter.swift in Sources */,
				A152CE9E2AE8D93D00870F2C /* ModelData.swift in Sources */,
				A152CEA32AE8E23C00870F2C /* PersistenceController.swift in Sources */,
			);
			runOnlyForDeploymentPostprocessing = 0;
		};
/* End PBXSourcesBuildPhase section */

/* Begin XCBuildConfiguration section */
		A152CE8D2AE8C57D00870F2C /* Debug */ = {
			isa = XCBuildConfiguration;
			buildSettings = {
				ALWAYS_SEARCH_USER_PATHS = NO;
				CLANG_ANALYZER_NONNULL = YES;
				CLANG_ANALYZER_NUMBER_OBJECT_CONVERSION = YES_AGGRESSIVE;
				CLANG_CXX_LANGUAGE_STANDARD = "gnu++20";
				CLANG_ENABLE_MODULES = YES;
				CLANG_ENABLE_OBJC_ARC = YES;
				CLANG_ENABLE_OBJC_WEAK = YES;
				CLANG_WARN_BLOCK_CAPTURE_AUTORELEASING = YES;
				CLANG_WARN_BOOL_CONVERSION = YES;
				CLANG_WARN_COMMA = YES;
				CLANG_WARN_CONSTANT_CONVERSION = YES;
				CLANG_WARN_DEPRECATED_OBJC_IMPLEMENTATIONS = YES;
				CLANG_WARN_DIRECT_OBJC_ISA_USAGE = YES_ERROR;
				CLANG_WARN_DOCUMENTATION_COMMENTS = YES;
				CLANG_WARN_EMPTY_BODY = YES;
				CLANG_WARN_ENUM_CONVERSION = YES;
				CLANG_WARN_INFINITE_RECURSION = YES;
				CLANG_WARN_INT_CONVERSION = YES;
				CLANG_WARN_NON_LITERAL_NULL_CONVERSION = YES;
				CLANG_WARN_OBJC_IMPLICIT_RETAIN_SELF = YES;
				CLANG_WARN_OBJC_LITERAL_CONVERSION = YES;
				CLANG_WARN_OBJC_ROOT_CLASS = YES_ERROR;
				CLANG_WARN_QUOTED_INCLUDE_IN_FRAMEWORK_HEADER = YES;
				CLANG_WARN_RANGE_LOOP_ANALYSIS = YES;
				CLANG_WARN_STRICT_PROTOTYPES = YES;
				CLANG_WARN_SUSPICIOUS_MOVE = YES;
				CLANG_WARN_UNGUARDED_AVAILABILITY = YES_AGGRESSIVE;
				CLANG_WARN_UNREACHABLE_CODE = YES;
				CLANG_WARN__DUPLICATE_METHOD_MATCH = YES;
				COPY_PHASE_STRIP = NO;
				DEBUG_INFORMATION_FORMAT = dwarf;
				ENABLE_STRICT_OBJC_MSGSEND = YES;
				ENABLE_TESTABILITY = YES;
				GCC_C_LANGUAGE_STANDARD = gnu11;
				GCC_DYNAMIC_NO_PIC = NO;
				GCC_NO_COMMON_BLOCKS = YES;
				GCC_OPTIMIZATION_LEVEL = 0;
				GCC_PREPROCESSOR_DEFINITIONS = (
					"DEBUG=1",
					"$(inherited)",
				);
				GCC_WARN_64_TO_32_BIT_CONVERSION = YES;
				GCC_WARN_ABOUT_RETURN_TYPE = YES_ERROR;
				GCC_WARN_UNDECLARED_SELECTOR = YES;
				GCC_WARN_UNINITIALIZED_AUTOS = YES_AGGRESSIVE;
				GCC_WARN_UNUSED_FUNCTION = YES;
				GCC_WARN_UNUSED_VARIABLE = YES;
				IPHONEOS_DEPLOYMENT_TARGET = 16.4;
				MTL_ENABLE_DEBUG_INFO = INCLUDE_SOURCE;
				MTL_FAST_MATH = YES;
				ONLY_ACTIVE_ARCH = YES;
				SDKROOT = iphoneos;
				SWIFT_ACTIVE_COMPILATION_CONDITIONS = DEBUG;
				SWIFT_OPTIMIZATION_LEVEL = "-Onone";
			};
			name = Debug;
		};
		A152CE8E2AE8C57D00870F2C /* Release */ = {
			isa = XCBuildConfiguration;
			buildSettings = {
				ALWAYS_SEARCH_USER_PATHS = NO;
				CLANG_ANALYZER_NONNULL = YES;
				CLANG_ANALYZER_NUMBER_OBJECT_CONVERSION = YES_AGGRESSIVE;
				CLANG_CXX_LANGUAGE_STANDARD = "gnu++20";
				CLANG_ENABLE_MODULES = YES;
				CLANG_ENABLE_OBJC_ARC = YES;
				CLANG_ENABLE_OBJC_WEAK = YES;
				CLANG_WARN_BLOCK_CAPTURE_AUTORELEASING = YES;
				CLANG_WARN_BOOL_CONVERSION = YES;
				CLANG_WARN_COMMA = YES;
				CLANG_WARN_CONSTANT_CONVERSION = YES;
				CLANG_WARN_DEPRECATED_OBJC_IMPLEMENTATIONS = YES;
				CLANG_WARN_DIRECT_OBJC_ISA_USAGE = YES_ERROR;
				CLANG_WARN_DOCUMENTATION_COMMENTS = YES;
				CLANG_WARN_EMPTY_BODY = YES;
				CLANG_WARN_ENUM_CONVERSION = YES;
				CLANG_WARN_INFINITE_RECURSION = YES;
				CLANG_WARN_INT_CONVERSION = YES;
				CLANG_WARN_NON_LITERAL_NULL_CONVERSION = YES;
				CLANG_WARN_OBJC_IMPLICIT_RETAIN_SELF = YES;
				CLANG_WARN_OBJC_LITERAL_CONVERSION = YES;
				CLANG_WARN_OBJC_ROOT_CLASS = YES_ERROR;
				CLANG_WARN_QUOTED_INCLUDE_IN_FRAMEWORK_HEADER = YES;
				CLANG_WARN_RANGE_LOOP_ANALYSIS = YES;
				CLANG_WARN_STRICT_PROTOTYPES = YES;
				CLANG_WARN_SUSPICIOUS_MOVE = YES;
				CLANG_WARN_UNGUARDED_AVAILABILITY = YES_AGGRESSIVE;
				CLANG_WARN_UNREACHABLE_CODE = YES;
				CLANG_WARN__DUPLICATE_METHOD_MATCH = YES;
				COPY_PHASE_STRIP = NO;
				DEBUG_INFORMATION_FORMAT = "dwarf-with-dsym";
				ENABLE_NS_ASSERTIONS = NO;
				ENABLE_STRICT_OBJC_MSGSEND = YES;
				GCC_C_LANGUAGE_STANDARD = gnu11;
				GCC_NO_COMMON_BLOCKS = YES;
				GCC_WARN_64_TO_32_BIT_CONVERSION = YES;
				GCC_WARN_ABOUT_RETURN_TYPE = YES_ERROR;
				GCC_WARN_UNDECLARED_SELECTOR = YES;
				GCC_WARN_UNINITIALIZED_AUTOS = YES_AGGRESSIVE;
				GCC_WARN_UNUSED_FUNCTION = YES;
				GCC_WARN_UNUSED_VARIABLE = YES;
				IPHONEOS_DEPLOYMENT_TARGET = 16.4;
				MTL_ENABLE_DEBUG_INFO = NO;
				MTL_FAST_MATH = YES;
				SDKROOT = iphoneos;
				SWIFT_COMPILATION_MODE = wholemodule;
				SWIFT_OPTIMIZATION_LEVEL = "-O";
				VALIDATE_PRODUCT = YES;
			};
			name = Release;
		};
		A152CE902AE8C57D00870F2C /* Debug */ = {
			isa = XCBuildConfiguration;
			buildSettings = {
				ASSETCATALOG_COMPILER_APPICON_NAME = AppIcon;
				ASSETCATALOG_COMPILER_GLOBAL_ACCENT_COLOR_NAME = AccentColor;
				CODE_SIGN_STYLE = Automatic;
				CURRENT_PROJECT_VERSION = 1;
				DEVELOPMENT_ASSET_PATHS = "\"IOS_Advanced_Assignment_4/Preview Content\"";
				ENABLE_PREVIEWS = YES;
				GENERATE_INFOPLIST_FILE = YES;
				INFOPLIST_FILE = "IOS-Advanced-Assignment-4-Info.plist";
				INFOPLIST_KEY_UIApplicationSceneManifest_Generation = YES;
				INFOPLIST_KEY_UIApplicationSupportsIndirectInputEvents = YES;
				INFOPLIST_KEY_UILaunchScreen_Generation = YES;
				INFOPLIST_KEY_UISupportedInterfaceOrientations_iPad = "UIInterfaceOrientationPortrait UIInterfaceOrientationPortraitUpsideDown UIInterfaceOrientationLandscapeLeft UIInterfaceOrientationLandscapeRight";
				INFOPLIST_KEY_UISupportedInterfaceOrientations_iPhone = "UIInterfaceOrientationPortrait UIInterfaceOrientationLandscapeLeft UIInterfaceOrientationLandscapeRight";
				LD_RUNPATH_SEARCH_PATHS = (
					"$(inherited)",
					"@executable_path/Frameworks",
				);
				MARKETING_VERSION = 1.0;
				PRODUCT_BUNDLE_IDENTIFIER = "organization.IOS-Advanced-Assignment-4";
				PRODUCT_NAME = "$(TARGET_NAME)";
				SWIFT_EMIT_LOC_STRINGS = YES;
				SWIFT_VERSION = 5.0;
				TARGETED_DEVICE_FAMILY = "1,2";
			};
			name = Debug;
		};
		A152CE912AE8C57D00870F2C /* Release */ = {
			isa = XCBuildConfiguration;
			buildSettings = {
				ASSETCATALOG_COMPILER_APPICON_NAME = AppIcon;
				ASSETCATALOG_COMPILER_GLOBAL_ACCENT_COLOR_NAME = AccentColor;
				CODE_SIGN_STYLE = Automatic;
				CURRENT_PROJECT_VERSION = 1;
				DEVELOPMENT_ASSET_PATHS = "\"IOS_Advanced_Assignment_4/Preview Content\"";
				ENABLE_PREVIEWS = YES;
				GENERATE_INFOPLIST_FILE = YES;
				INFOPLIST_FILE = "IOS-Advanced-Assignment-4-Info.plist";
				INFOPLIST_KEY_UIApplicationSceneManifest_Generation = YES;
				INFOPLIST_KEY_UIApplicationSupportsIndirectInputEvents = YES;
				INFOPLIST_KEY_UILaunchScreen_Generation = YES;
				INFOPLIST_KEY_UISupportedInterfaceOrientations_iPad = "UIInterfaceOrientationPortrait UIInterfaceOrientationPortraitUpsideDown UIInterfaceOrientationLandscapeLeft UIInterfaceOrientationLandscapeRight";
				INFOPLIST_KEY_UISupportedInterfaceOrientations_iPhone = "UIInterfaceOrientationPortrait UIInterfaceOrientationLandscapeLeft UIInterfaceOrientationLandscapeRight";
				LD_RUNPATH_SEARCH_PATHS = (
					"$(inherited)",
					"@executable_path/Frameworks",
				);
				MARKETING_VERSION = 1.0;
				PRODUCT_BUNDLE_IDENTIFIER = "organization.IOS-Advanced-Assignment-4";
				PRODUCT_NAME = "$(TARGET_NAME)";
				SWIFT_EMIT_LOC_STRINGS = YES;
				SWIFT_VERSION = 5.0;
				TARGETED_DEVICE_FAMILY = "1,2";
			};
			name = Release;
		};
/* End XCBuildConfiguration section */

/* Begin XCConfigurationList section */
		A152CE7C2AE8C57800870F2C /* Build configuration list for PBXProject "IOS_Advanced_Assignment_4" */ = {
			isa = XCConfigurationList;
			buildConfigurations = (
				A152CE8D2AE8C57D00870F2C /* Debug */,
				A152CE8E2AE8C57D00870F2C /* Release */,
			);
			defaultConfigurationIsVisible = 0;
			defaultConfigurationName = Release;
		};
		A152CE8F2AE8C57D00870F2C /* Build configuration list for PBXNativeTarget "IOS_Advanced_Assignment_4" */ = {
			isa = XCConfigurationList;
			buildConfigurations = (
				A152CE902AE8C57D00870F2C /* Debug */,
				A152CE912AE8C57D00870F2C /* Release */,
			);
			defaultConfigurationIsVisible = 0;
			defaultConfigurationName = Release;
		};
/* End XCConfigurationList section */

/* Begin XCRemoteSwiftPackageReference section */
		646EA24F2AEE830D00A448B8 /* XCRemoteSwiftPackageReference "FlagKit" */ = {
			isa = XCRemoteSwiftPackageReference;
			repositoryURL = "https://github.com/madebybowtie/FlagKit";
			requirement = {
				kind = upToNextMajorVersion;
				minimumVersion = 2.0.0;
			};
		};
/* End XCRemoteSwiftPackageReference section */

/* Begin XCSwiftPackageProductDependency section */
		646EA2502AEE830D00A448B8 /* FlagKit */ = {
			isa = XCSwiftPackageProductDependency;
			package = 646EA24F2AEE830D00A448B8 /* XCRemoteSwiftPackageReference "FlagKit" */;
			productName = FlagKit;
		};
/* End XCSwiftPackageProductDependency section */
	};
	rootObject = A152CE792AE8C57800870F2C /* Project object */;
}
