// !$*UTF8*$!
{
	archiveVersion = 1;
	classes = {
	};
	objectVersion = 56;
	objects = {

/* Begin PBXBuildFile section */
		64647DF92AEA8760001B42F8 /* ExchangeRates.swift in Sources */ = {isa = PBXBuildFile; fileRef = 64647DF82AEA8760001B42F8 /* ExchangeRates.swift */; };
		64647DFB2AEA9156001B42F8 /* ExchangeRatesResponse.swift in Sources */ = {isa = PBXBuildFile; fileRef = 64647DFA2AEA9156001B42F8 /* ExchangeRatesResponse.swift */; };
		64647DFE2AEAB34F001B42F8 /* MoneyExchangeView.swift in Sources */ = {isa = PBXBuildFile; fileRef = 64647DFD2AEAB34F001B42F8 /* MoneyExchangeView.swift */; };
		646EA24E2AEE554400A448B8 /* CurrencyConverter.swift in Sources */ = {isa = PBXBuildFile; fileRef = 646EA24D2AEE554400A448B8 /* CurrencyConverter.swift */; };
		646EA2512AEE830D00A448B8 /* FlagKit in Frameworks */ = {isa = PBXBuildFile; productRef = 646EA2502AEE830D00A448B8 /* FlagKit */; };
		646EA2532AEE95FB00A448B8 /* SearchBarView.swift in Sources */ = {isa = PBXBuildFile; fileRef = 646EA2522AEE95FB00A448B8 /* SearchBarView.swift */; };
		64F9EC6A2AF0C7360090FC30 /* Inexpensify.mlmodel in Sources */ = {isa = PBXBuildFile; fileRef = 64F9EC692AF0C7360090FC30 /* Inexpensify.mlmodel */; };
		64F9EC6C2AF129D50090FC30 /* FetchWidgetsData.swift in Sources */ = {isa = PBXBuildFile; fileRef = 64F9EC6B2AF129D50090FC30 /* FetchWidgetsData.swift */; };
		64F9ECA62AF1470F0090FC30 /* WidgetsData.swift in Sources */ = {isa = PBXBuildFile; fileRef = 64F9ECA52AF1470F0090FC30 /* WidgetsData.swift */; };
		64F9ECAC2AF1503A0090FC30 /* WidgetKit.framework in Frameworks */ = {isa = PBXBuildFile; fileRef = 64F9EC732AF12DFA0090FC30 /* WidgetKit.framework */; };
		64F9ECAD2AF1503A0090FC30 /* SwiftUI.framework in Frameworks */ = {isa = PBXBuildFile; fileRef = 64F9EC752AF12DFA0090FC30 /* SwiftUI.framework */; };
		64F9ECB02AF1503A0090FC30 /* TestingWidgetsBundle.swift in Sources */ = {isa = PBXBuildFile; fileRef = 64F9ECAF2AF1503A0090FC30 /* TestingWidgetsBundle.swift */; };
		64F9ECB22AF1503A0090FC30 /* TestingWidgets.swift in Sources */ = {isa = PBXBuildFile; fileRef = 64F9ECB12AF1503A0090FC30 /* TestingWidgets.swift */; };
		64F9ECB42AF1503C0090FC30 /* Assets.xcassets in Resources */ = {isa = PBXBuildFile; fileRef = 64F9ECB32AF1503C0090FC30 /* Assets.xcassets */; };
		64F9ECB82AF1503C0090FC30 /* TestingWidgetsExtension.appex in Embed Foundation Extensions */ = {isa = PBXBuildFile; fileRef = 64F9ECAB2AF1503A0090FC30 /* TestingWidgetsExtension.appex */; settings = {ATTRIBUTES = (RemoveHeadersOnCopy, ); }; };
		64F9ECBC2AF151F40090FC30 /* TestingWidgetsBundle.swift in Sources */ = {isa = PBXBuildFile; fileRef = 64F9ECAF2AF1503A0090FC30 /* TestingWidgetsBundle.swift */; };
		64F9ECBD2AF151F70090FC30 /* TestingWidgets.swift in Sources */ = {isa = PBXBuildFile; fileRef = 64F9ECB12AF1503A0090FC30 /* TestingWidgets.swift */; };
		64F9ECBE2AF152380090FC30 /* FetchWidgetsData.swift in Sources */ = {isa = PBXBuildFile; fileRef = 64F9EC6B2AF129D50090FC30 /* FetchWidgetsData.swift */; };
		64F9ECBF2AF1523E0090FC30 /* WidgetsData.swift in Sources */ = {isa = PBXBuildFile; fileRef = 64F9ECA52AF1470F0090FC30 /* WidgetsData.swift */; };
		64F9ECC02AF152540090FC30 /* PersistenceController.swift in Sources */ = {isa = PBXBuildFile; fileRef = A152CEA22AE8E23C00870F2C /* PersistenceController.swift */; };
		64F9ECC12AF154A60090FC30 /* Expenses.xcdatamodeld in Sources */ = {isa = PBXBuildFile; fileRef = A16C95352AF0D1E400C83F30 /* Expenses.xcdatamodeld */; };
		64F9ECC92AF15B950090FC30 /* ContentView.swift in Sources */ = {isa = PBXBuildFile; fileRef = A152CE862AE8C57800870F2C /* ContentView.swift */; };
		64F9ECCA2AF15B970090FC30 /* IOS_Advanced_Assignment_4App.swift in Sources */ = {isa = PBXBuildFile; fileRef = A152CE842AE8C57800870F2C /* IOS_Advanced_Assignment_4App.swift */; };
		64F9ECCB2AF15BA20090FC30 /* IOS-Advanced-Assignment-4-Info.plist in Resources */ = {isa = PBXBuildFile; fileRef = 64647DFC2AEA97CA001B42F8 /* IOS-Advanced-Assignment-4-Info.plist */; };
		64F9ECCC2AF15BA20090FC30 /* IOS-Advanced-Assignment-4-Info.plist in Resources */ = {isa = PBXBuildFile; fileRef = 64647DFC2AEA97CA001B42F8 /* IOS-Advanced-Assignment-4-Info.plist */; };
		64F9ECCD2AF15BA50090FC30 /* Inexpensify.mlmodel in Sources */ = {isa = PBXBuildFile; fileRef = 64F9EC692AF0C7360090FC30 /* Inexpensify.mlmodel */; };
		64F9ECCE2AF15BB30090FC30 /* ModelData.swift in Sources */ = {isa = PBXBuildFile; fileRef = A152CE9D2AE8D93D00870F2C /* ModelData.swift */; };
		64F9ECCF2AF15BB50090FC30 /* ThemeModifier.swift in Sources */ = {isa = PBXBuildFile; fileRef = A152CE9F2AE8D94800870F2C /* ThemeModifier.swift */; };
		64F9ECD02AF15BB70090FC30 /* ExchangeRates.swift in Sources */ = {isa = PBXBuildFile; fileRef = 64647DF82AEA8760001B42F8 /* ExchangeRates.swift */; };
		64F9ECD12AF15BB90090FC30 /* CurrencyConverter.swift in Sources */ = {isa = PBXBuildFile; fileRef = 646EA24D2AEE554400A448B8 /* CurrencyConverter.swift */; };
		64F9ECD22AF15BBD0090FC30 /* ExchangeRatesResponse.swift in Sources */ = {isa = PBXBuildFile; fileRef = 64647DFA2AEA9156001B42F8 /* ExchangeRatesResponse.swift */; };
		64F9ECD32AF15BBF0090FC30 /* Transaction.swift in Sources */ = {isa = PBXBuildFile; fileRef = A16C953A2AF0E44000C83F30 /* Transaction.swift */; };
		64F9ECD42AF15BC20090FC30 /* HomeView.swift in Sources */ = {isa = PBXBuildFile; fileRef = A152CE972AE8D90200870F2C /* HomeView.swift */; };
		64F9ECD52AF15BC50090FC30 /* CurrencyExchangeView.swift in Sources */ = {isa = PBXBuildFile; fileRef = A152CE992AE8D91400870F2C /* CurrencyExchangeView.swift */; };
		64F9ECD62AF15BC70090FC30 /* SettingsView.swift in Sources */ = {isa = PBXBuildFile; fileRef = A152CE9B2AE8D92300870F2C /* SettingsView.swift */; };
		64F9ECD72AF15BC90090FC30 /* ClassificationView.swift in Sources */ = {isa = PBXBuildFile; fileRef = DB5F52CF2AF0C499004AFB5C /* ClassificationView.swift */; };
		64F9ECD82AF15BCA0090FC30 /* MoneyExchangeView.swift in Sources */ = {isa = PBXBuildFile; fileRef = 64647DFD2AEAB34F001B42F8 /* MoneyExchangeView.swift */; };
		64F9ECD92AF15BCC0090FC30 /* SearchBarView.swift in Sources */ = {isa = PBXBuildFile; fileRef = 646EA2522AEE95FB00A448B8 /* SearchBarView.swift */; };
		64F9ECDA2AF15BCE0090FC30 /* addExpense.swift in Sources */ = {isa = PBXBuildFile; fileRef = A16C953E2AF0F42800C83F30 /* addExpense.swift */; };
		A152CE852AE8C57800870F2C /* IOS_Advanced_Assignment_4App.swift in Sources */ = {isa = PBXBuildFile; fileRef = A152CE842AE8C57800870F2C /* IOS_Advanced_Assignment_4App.swift */; };
		A152CE872AE8C57800870F2C /* ContentView.swift in Sources */ = {isa = PBXBuildFile; fileRef = A152CE862AE8C57800870F2C /* ContentView.swift */; };
		A152CE892AE8C57D00870F2C /* Assets.xcassets in Resources */ = {isa = PBXBuildFile; fileRef = A152CE882AE8C57D00870F2C /* Assets.xcassets */; };
		A152CE8C2AE8C57D00870F2C /* Preview Assets.xcassets in Resources */ = {isa = PBXBuildFile; fileRef = A152CE8B2AE8C57D00870F2C /* Preview Assets.xcassets */; };
		A152CE982AE8D90300870F2C /* HomeView.swift in Sources */ = {isa = PBXBuildFile; fileRef = A152CE972AE8D90200870F2C /* HomeView.swift */; };
		A152CE9A2AE8D91400870F2C /* CurrencyExchangeView.swift in Sources */ = {isa = PBXBuildFile; fileRef = A152CE992AE8D91400870F2C /* CurrencyExchangeView.swift */; };
		A152CE9C2AE8D92300870F2C /* SettingsView.swift in Sources */ = {isa = PBXBuildFile; fileRef = A152CE9B2AE8D92300870F2C /* SettingsView.swift */; };
		A152CE9E2AE8D93D00870F2C /* ModelData.swift in Sources */ = {isa = PBXBuildFile; fileRef = A152CE9D2AE8D93D00870F2C /* ModelData.swift */; };
		A152CEA02AE8D94800870F2C /* ThemeModifier.swift in Sources */ = {isa = PBXBuildFile; fileRef = A152CE9F2AE8D94800870F2C /* ThemeModifier.swift */; };
		A152CEA32AE8E23C00870F2C /* PersistenceController.swift in Sources */ = {isa = PBXBuildFile; fileRef = A152CEA22AE8E23C00870F2C /* PersistenceController.swift */; };
		A16C95372AF0D1E500C83F30 /* Expenses.xcdatamodeld in Sources */ = {isa = PBXBuildFile; fileRef = A16C95352AF0D1E400C83F30 /* Expenses.xcdatamodeld */; };
		A16C953B2AF0E44000C83F30 /* Transaction.swift in Sources */ = {isa = PBXBuildFile; fileRef = A16C953A2AF0E44000C83F30 /* Transaction.swift */; };
		A16C953F2AF0F42800C83F30 /* addExpense.swift in Sources */ = {isa = PBXBuildFile; fileRef = A16C953E2AF0F42800C83F30 /* addExpense.swift */; };
		DB5F52D02AF0C499004AFB5C /* ClassificationView.swift in Sources */ = {isa = PBXBuildFile; fileRef = DB5F52CF2AF0C499004AFB5C /* ClassificationView.swift */; };
/* End PBXBuildFile section */

/* Begin PBXContainerItemProxy section */
		64F9ECB62AF1503C0090FC30 /* PBXContainerItemProxy */ = {
			isa = PBXContainerItemProxy;
			containerPortal = A152CE792AE8C57800870F2C /* Project object */;
			proxyType = 1;
			remoteGlobalIDString = 64F9ECAA2AF1503A0090FC30;
			remoteInfo = TestingWidgetsExtension;
		};
/* End PBXContainerItemProxy section */

/* Begin PBXCopyFilesBuildPhase section */
		64F9EC8A2AF12DFD0090FC30 /* Embed Foundation Extensions */ = {
			isa = PBXCopyFilesBuildPhase;
			buildActionMask = 2147483647;
			dstPath = "";
			dstSubfolderSpec = 13;
			files = (
				64F9ECB82AF1503C0090FC30 /* TestingWidgetsExtension.appex in Embed Foundation Extensions */,
			);
			name = "Embed Foundation Extensions";
			runOnlyForDeploymentPostprocessing = 0;
		};
/* End PBXCopyFilesBuildPhase section */

/* Begin PBXFileReference section */
		64647DF82AEA8760001B42F8 /* ExchangeRates.swift */ = {isa = PBXFileReference; lastKnownFileType = sourcecode.swift; path = ExchangeRates.swift; sourceTree = "<group>"; };
		64647DFA2AEA9156001B42F8 /* ExchangeRatesResponse.swift */ = {isa = PBXFileReference; lastKnownFileType = sourcecode.swift; name = ExchangeRatesResponse.swift; path = "IOS_Advanced_Assignment_4/View Model/ExchangeRatesResponse.swift"; sourceTree = SOURCE_ROOT; };
		64647DFC2AEA97CA001B42F8 /* IOS-Advanced-Assignment-4-Info.plist */ = {isa = PBXFileReference; lastKnownFileType = text.plist; path = "IOS-Advanced-Assignment-4-Info.plist"; sourceTree = SOURCE_ROOT; };
		64647DFD2AEAB34F001B42F8 /* MoneyExchangeView.swift */ = {isa = PBXFileReference; lastKnownFileType = sourcecode.swift; path = MoneyExchangeView.swift; sourceTree = "<group>"; };
		646EA24D2AEE554400A448B8 /* CurrencyConverter.swift */ = {isa = PBXFileReference; lastKnownFileType = sourcecode.swift; path = CurrencyConverter.swift; sourceTree = "<group>"; };
		646EA2522AEE95FB00A448B8 /* SearchBarView.swift */ = {isa = PBXFileReference; lastKnownFileType = sourcecode.swift; path = SearchBarView.swift; sourceTree = "<group>"; };
		64F9EC692AF0C7360090FC30 /* Inexpensify.mlmodel */ = {isa = PBXFileReference; lastKnownFileType = file.mlmodel; path = Inexpensify.mlmodel; sourceTree = SOURCE_ROOT; };
		64F9EC6B2AF129D50090FC30 /* FetchWidgetsData.swift */ = {isa = PBXFileReference; lastKnownFileType = sourcecode.swift; path = FetchWidgetsData.swift; sourceTree = "<group>"; };
		64F9EC732AF12DFA0090FC30 /* WidgetKit.framework */ = {isa = PBXFileReference; lastKnownFileType = wrapper.framework; name = WidgetKit.framework; path = System/Library/Frameworks/WidgetKit.framework; sourceTree = SDKROOT; };
		64F9EC752AF12DFA0090FC30 /* SwiftUI.framework */ = {isa = PBXFileReference; lastKnownFileType = wrapper.framework; name = SwiftUI.framework; path = System/Library/Frameworks/SwiftUI.framework; sourceTree = SDKROOT; };
		64F9ECA52AF1470F0090FC30 /* WidgetsData.swift */ = {isa = PBXFileReference; lastKnownFileType = sourcecode.swift; name = WidgetsData.swift; path = ExpensesWidget/WidgetsData.swift; sourceTree = SOURCE_ROOT; };
		64F9ECAB2AF1503A0090FC30 /* TestingWidgetsExtension.appex */ = {isa = PBXFileReference; explicitFileType = "wrapper.app-extension"; includeInIndex = 0; path = TestingWidgetsExtension.appex; sourceTree = BUILT_PRODUCTS_DIR; };
		64F9ECAF2AF1503A0090FC30 /* TestingWidgetsBundle.swift */ = {isa = PBXFileReference; lastKnownFileType = sourcecode.swift; path = TestingWidgetsBundle.swift; sourceTree = "<group>"; };
		64F9ECB12AF1503A0090FC30 /* TestingWidgets.swift */ = {isa = PBXFileReference; lastKnownFileType = sourcecode.swift; path = TestingWidgets.swift; sourceTree = "<group>"; };
		64F9ECB32AF1503C0090FC30 /* Assets.xcassets */ = {isa = PBXFileReference; lastKnownFileType = folder.assetcatalog; path = Assets.xcassets; sourceTree = "<group>"; };
		64F9ECB52AF1503C0090FC30 /* Info.plist */ = {isa = PBXFileReference; lastKnownFileType = text.plist.xml; path = Info.plist; sourceTree = "<group>"; };
		A152CE812AE8C57800870F2C /* IOS_Advanced_Assignment_4.app */ = {isa = PBXFileReference; explicitFileType = wrapper.application; includeInIndex = 0; path = IOS_Advanced_Assignment_4.app; sourceTree = BUILT_PRODUCTS_DIR; };
		A152CE842AE8C57800870F2C /* IOS_Advanced_Assignment_4App.swift */ = {isa = PBXFileReference; lastKnownFileType = sourcecode.swift; path = IOS_Advanced_Assignment_4App.swift; sourceTree = "<group>"; };
		A152CE862AE8C57800870F2C /* ContentView.swift */ = {isa = PBXFileReference; lastKnownFileType = sourcecode.swift; path = ContentView.swift; sourceTree = "<group>"; };
		A152CE882AE8C57D00870F2C /* Assets.xcassets */ = {isa = PBXFileReference; lastKnownFileType = folder.assetcatalog; path = Assets.xcassets; sourceTree = "<group>"; };
		A152CE8B2AE8C57D00870F2C /* Preview Assets.xcassets */ = {isa = PBXFileReference; lastKnownFileType = folder.assetcatalog; path = "Preview Assets.xcassets"; sourceTree = "<group>"; };
		A152CE972AE8D90200870F2C /* HomeView.swift */ = {isa = PBXFileReference; lastKnownFileType = sourcecode.swift; path = HomeView.swift; sourceTree = "<group>"; };
		A152CE992AE8D91400870F2C /* CurrencyExchangeView.swift */ = {isa = PBXFileReference; lastKnownFileType = sourcecode.swift; path = CurrencyExchangeView.swift; sourceTree = "<group>"; };
		A152CE9B2AE8D92300870F2C /* SettingsView.swift */ = {isa = PBXFileReference; lastKnownFileType = sourcecode.swift; path = SettingsView.swift; sourceTree = "<group>"; };
		A152CE9D2AE8D93D00870F2C /* ModelData.swift */ = {isa = PBXFileReference; lastKnownFileType = sourcecode.swift; path = ModelData.swift; sourceTree = "<group>"; };
		A152CE9F2AE8D94800870F2C /* ThemeModifier.swift */ = {isa = PBXFileReference; lastKnownFileType = sourcecode.swift; path = ThemeModifier.swift; sourceTree = "<group>"; };
		A152CEA22AE8E23C00870F2C /* PersistenceController.swift */ = {isa = PBXFileReference; lastKnownFileType = sourcecode.swift; path = PersistenceController.swift; sourceTree = "<group>"; };
		A16C95362AF0D1E400C83F30 /* Expenses.xcdatamodel */ = {isa = PBXFileReference; lastKnownFileType = wrapper.xcdatamodel; path = Expenses.xcdatamodel; sourceTree = "<group>"; };
		A16C953A2AF0E44000C83F30 /* Transaction.swift */ = {isa = PBXFileReference; lastKnownFileType = sourcecode.swift; name = Transaction.swift; path = IOS_Advanced_Assignment_4/CoreData/Transaction.swift; sourceTree = SOURCE_ROOT; };
		A16C953E2AF0F42800C83F30 /* addExpense.swift */ = {isa = PBXFileReference; lastKnownFileType = sourcecode.swift; path = addExpense.swift; sourceTree = "<group>"; };
		DB5F52CF2AF0C499004AFB5C /* ClassificationView.swift */ = {isa = PBXFileReference; lastKnownFileType = sourcecode.swift; path = ClassificationView.swift; sourceTree = "<group>"; };
/* End PBXFileReference section */

/* Begin PBXFrameworksBuildPhase section */
		64F9ECA82AF1503A0090FC30 /* Frameworks */ = {
			isa = PBXFrameworksBuildPhase;
			buildActionMask = 2147483647;
			files = (
				64F9ECAD2AF1503A0090FC30 /* SwiftUI.framework in Frameworks */,
				64F9ECAC2AF1503A0090FC30 /* WidgetKit.framework in Frameworks */,
			);
			runOnlyForDeploymentPostprocessing = 0;
		};
		A152CE7E2AE8C57800870F2C /* Frameworks */ = {
			isa = PBXFrameworksBuildPhase;
			buildActionMask = 2147483647;
			files = (
				646EA2512AEE830D00A448B8 /* FlagKit in Frameworks */,
			);
			runOnlyForDeploymentPostprocessing = 0;
		};
/* End PBXFrameworksBuildPhase section */

/* Begin PBXGroup section */
		64F9EC722AF12DFA0090FC30 /* Frameworks */ = {
			isa = PBXGroup;
			children = (
				64F9EC732AF12DFA0090FC30 /* WidgetKit.framework */,
				64F9EC752AF12DFA0090FC30 /* SwiftUI.framework */,
			);
			name = Frameworks;
			sourceTree = "<group>";
		};
		64F9ECAE2AF1503A0090FC30 /* TestingWidgets */ = {
			isa = PBXGroup;
			children = (
				64F9ECAF2AF1503A0090FC30 /* TestingWidgetsBundle.swift */,
				64F9ECB12AF1503A0090FC30 /* TestingWidgets.swift */,
				64F9ECB32AF1503C0090FC30 /* Assets.xcassets */,
				64F9ECB52AF1503C0090FC30 /* Info.plist */,
			);
			path = TestingWidgets;
			sourceTree = "<group>";
		};
		A152CE782AE8C57800870F2C = {
			isa = PBXGroup;
			children = (
				A152CE832AE8C57800870F2C /* IOS_Advanced_Assignment_4 */,
				64F9ECAE2AF1503A0090FC30 /* TestingWidgets */,
				64F9EC722AF12DFA0090FC30 /* Frameworks */,
				A152CE822AE8C57800870F2C /* Products */,
			);
			sourceTree = "<group>";
		};
		A152CE822AE8C57800870F2C /* Products */ = {
			isa = PBXGroup;
			children = (
				A152CE812AE8C57800870F2C /* IOS_Advanced_Assignment_4.app */,
				64F9ECAB2AF1503A0090FC30 /* TestingWidgetsExtension.appex */,
			);
			name = Products;
			sourceTree = "<group>";
		};
		A152CE832AE8C57800870F2C /* IOS_Advanced_Assignment_4 */ = {
			isa = PBXGroup;
			children = (
				64F9EC692AF0C7360090FC30 /* Inexpensify.mlmodel */,
				64647DFC2AEA97CA001B42F8 /* IOS-Advanced-Assignment-4-Info.plist */,
				A152CEA12AE8E22B00870F2C /* CoreData */,
				A152CE842AE8C57800870F2C /* IOS_Advanced_Assignment_4App.swift */,
				A152CE862AE8C57800870F2C /* ContentView.swift */,
				A152CE962AE8D30E00870F2C /* View Model */,
				A152CE952AE8D30500870F2C /* Model */,
				A152CE932AE8D29600870F2C /* View */,
				A152CE882AE8C57D00870F2C /* Assets.xcassets */,
				A152CE8A2AE8C57D00870F2C /* Preview Content */,
			);
			path = IOS_Advanced_Assignment_4;
			sourceTree = "<group>";
		};
		A152CE8A2AE8C57D00870F2C /* Preview Content */ = {
			isa = PBXGroup;
			children = (
				A152CE8B2AE8C57D00870F2C /* Preview Assets.xcassets */,
			);
			path = "Preview Content";
			sourceTree = "<group>";
		};
		A152CE932AE8D29600870F2C /* View */ = {
			isa = PBXGroup;
			children = (
				A152CE972AE8D90200870F2C /* HomeView.swift */,
				A152CE992AE8D91400870F2C /* CurrencyExchangeView.swift */,
				A152CE9B2AE8D92300870F2C /* SettingsView.swift */,
				DB5F52CF2AF0C499004AFB5C /* ClassificationView.swift */,
				64647DFD2AEAB34F001B42F8 /* MoneyExchangeView.swift */,
				646EA2522AEE95FB00A448B8 /* SearchBarView.swift */,
				A16C953E2AF0F42800C83F30 /* addExpense.swift */,
			);
			path = View;
			sourceTree = "<group>";
		};
		A152CE952AE8D30500870F2C /* Model */ = {
			isa = PBXGroup;
			children = (
				64647DFA2AEA9156001B42F8 /* ExchangeRatesResponse.swift */,
				A16C953A2AF0E44000C83F30 /* Transaction.swift */,
				64F9ECA52AF1470F0090FC30 /* WidgetsData.swift */,
			);
			path = Model;
			sourceTree = "<group>";
		};
		A152CE962AE8D30E00870F2C /* View Model */ = {
			isa = PBXGroup;
			children = (
				A152CE9D2AE8D93D00870F2C /* ModelData.swift */,
				A152CE9F2AE8D94800870F2C /* ThemeModifier.swift */,
				64647DF82AEA8760001B42F8 /* ExchangeRates.swift */,
				646EA24D2AEE554400A448B8 /* CurrencyConverter.swift */,
				64F9EC6B2AF129D50090FC30 /* FetchWidgetsData.swift */,
			);
			path = "View Model";
			sourceTree = "<group>";
		};
		A152CEA12AE8E22B00870F2C /* CoreData */ = {
			isa = PBXGroup;
			children = (
				A152CEA22AE8E23C00870F2C /* PersistenceController.swift */,
				A16C95352AF0D1E400C83F30 /* Expenses.xcdatamodeld */,
			);
			path = CoreData;
			sourceTree = "<group>";
		};
/* End PBXGroup section */

/* Begin PBXNativeTarget section */
		64F9ECAA2AF1503A0090FC30 /* TestingWidgetsExtension */ = {
			isa = PBXNativeTarget;
			buildConfigurationList = 64F9ECB92AF1503C0090FC30 /* Build configuration list for PBXNativeTarget "TestingWidgetsExtension" */;
			buildPhases = (
				64F9ECA72AF1503A0090FC30 /* Sources */,
				64F9ECA82AF1503A0090FC30 /* Frameworks */,
				64F9ECA92AF1503A0090FC30 /* Resources */,
			);
			buildRules = (
			);
			dependencies = (
			);
			name = TestingWidgetsExtension;
			productName = TestingWidgetsExtension;
			productReference = 64F9ECAB2AF1503A0090FC30 /* TestingWidgetsExtension.appex */;
			productType = "com.apple.product-type.app-extension";
		};
		A152CE802AE8C57800870F2C /* IOS_Advanced_Assignment_4 */ = {
			isa = PBXNativeTarget;
			buildConfigurationList = A152CE8F2AE8C57D00870F2C /* Build configuration list for PBXNativeTarget "IOS_Advanced_Assignment_4" */;
			buildPhases = (
				A152CE7D2AE8C57800870F2C /* Sources */,
				A152CE7E2AE8C57800870F2C /* Frameworks */,
				A152CE7F2AE8C57800870F2C /* Resources */,
				64F9EC8A2AF12DFD0090FC30 /* Embed Foundation Extensions */,
			);
			buildRules = (
			);
			dependencies = (
				64F9ECB72AF1503C0090FC30 /* PBXTargetDependency */,
			);
			name = IOS_Advanced_Assignment_4;
			packageProductDependencies = (
				646EA2502AEE830D00A448B8 /* FlagKit */,
			);
			productName = IOS_Advanced_Assignment_4;
			productReference = A152CE812AE8C57800870F2C /* IOS_Advanced_Assignment_4.app */;
			productType = "com.apple.product-type.application";
		};
/* End PBXNativeTarget section */

/* Begin PBXProject section */
		A152CE792AE8C57800870F2C /* Project object */ = {
			isa = PBXProject;
			attributes = {
				BuildIndependentTargetsInParallel = 1;
				LastSwiftUpdateCheck = 1430;
				LastUpgradeCheck = 1430;
				TargetAttributes = {
					64F9ECAA2AF1503A0090FC30 = {
						CreatedOnToolsVersion = 14.3.1;
					};
					A152CE802AE8C57800870F2C = {
						CreatedOnToolsVersion = 14.3.1;
					};
				};
			};
			buildConfigurationList = A152CE7C2AE8C57800870F2C /* Build configuration list for PBXProject "IOS_Advanced_Assignment_4" */;
			compatibilityVersion = "Xcode 14.0";
			developmentRegion = en;
			hasScannedForEncodings = 0;
			knownRegions = (
				en,
				Base,
			);
			mainGroup = A152CE782AE8C57800870F2C;
			packageReferences = (
				646EA24F2AEE830D00A448B8 /* XCRemoteSwiftPackageReference "FlagKit" */,
			);
			productRefGroup = A152CE822AE8C57800870F2C /* Products */;
			projectDirPath = "";
			projectRoot = "";
			targets = (
				A152CE802AE8C57800870F2C /* IOS_Advanced_Assignment_4 */,
				64F9ECAA2AF1503A0090FC30 /* TestingWidgetsExtension */,
			);
		};
/* End PBXProject section */

/* Begin PBXResourcesBuildPhase section */
		64F9ECA92AF1503A0090FC30 /* Resources */ = {
			isa = PBXResourcesBuildPhase;
			buildActionMask = 2147483647;
			files = (
				64F9ECCC2AF15BA20090FC30 /* IOS-Advanced-Assignment-4-Info.plist in Resources */,
				64F9ECB42AF1503C0090FC30 /* Assets.xcassets in Resources */,
			);
			runOnlyForDeploymentPostprocessing = 0;
		};
		A152CE7F2AE8C57800870F2C /* Resources */ = {
			isa = PBXResourcesBuildPhase;
			buildActionMask = 2147483647;
			files = (
				64F9ECCB2AF15BA20090FC30 /* IOS-Advanced-Assignment-4-Info.plist in Resources */,
				A152CE8C2AE8C57D00870F2C /* Preview Assets.xcassets in Resources */,
				A152CE892AE8C57D00870F2C /* Assets.xcassets in Resources */,
			);
			runOnlyForDeploymentPostprocessing = 0;
		};
/* End PBXResourcesBuildPhase section */

/* Begin PBXSourcesBuildPhase section */
		64F9ECA72AF1503A0090FC30 /* Sources */ = {
			isa = PBXSourcesBuildPhase;
			buildActionMask = 2147483647;
			files = (
				64F9ECD82AF15BCA0090FC30 /* MoneyExchangeView.swift in Sources */,
				64F9ECCF2AF15BB50090FC30 /* ThemeModifier.swift in Sources */,
				64F9ECDA2AF15BCE0090FC30 /* addExpense.swift in Sources */,
				64F9ECD12AF15BB90090FC30 /* CurrencyConverter.swift in Sources */,
				64F9ECBE2AF152380090FC30 /* FetchWidgetsData.swift in Sources */,
				64F9ECD62AF15BC70090FC30 /* SettingsView.swift in Sources */,
				64F9ECD22AF15BBD0090FC30 /* ExchangeRatesResponse.swift in Sources */,
				64F9ECBF2AF1523E0090FC30 /* WidgetsData.swift in Sources */,
				64F9ECC92AF15B950090FC30 /* ContentView.swift in Sources */,
				64F9ECD02AF15BB70090FC30 /* ExchangeRates.swift in Sources */,
				64F9ECD52AF15BC50090FC30 /* CurrencyExchangeView.swift in Sources */,
				64F9ECD92AF15BCC0090FC30 /* SearchBarView.swift in Sources */,
				64F9ECB22AF1503A0090FC30 /* TestingWidgets.swift in Sources */,
				64F9ECCD2AF15BA50090FC30 /* Inexpensify.mlmodel in Sources */,
				64F9ECB02AF1503A0090FC30 /* TestingWidgetsBundle.swift in Sources */,
				64F9ECCA2AF15B970090FC30 /* IOS_Advanced_Assignment_4App.swift in Sources */,
				64F9ECCE2AF15BB30090FC30 /* ModelData.swift in Sources */,
				64F9ECC12AF154A60090FC30 /* Expenses.xcdatamodeld in Sources */,
				64F9ECD42AF15BC20090FC30 /* HomeView.swift in Sources */,
				64F9ECD72AF15BC90090FC30 /* ClassificationView.swift in Sources */,
				64F9ECC02AF152540090FC30 /* PersistenceController.swift in Sources */,
				64F9ECD32AF15BBF0090FC30 /* Transaction.swift in Sources */,
			);
			runOnlyForDeploymentPostprocessing = 0;
		};
		A152CE7D2AE8C57800870F2C /* Sources */ = {
			isa = PBXSourcesBuildPhase;
			buildActionMask = 2147483647;
			files = (
				A152CE9C2AE8D92300870F2C /* SettingsView.swift in Sources */,
				A152CE982AE8D90300870F2C /* HomeView.swift in Sources */,
				A152CE872AE8C57800870F2C /* ContentView.swift in Sources */,
				64647DFB2AEA9156001B42F8 /* ExchangeRatesResponse.swift in Sources */,
				64F9ECBD2AF151F70090FC30 /* TestingWidgets.swift in Sources */,
				A152CEA02AE8D94800870F2C /* ThemeModifier.swift in Sources */,
				64F9EC6C2AF129D50090FC30 /* FetchWidgetsData.swift in Sources */,
				64647DFE2AEAB34F001B42F8 /* MoneyExchangeView.swift in Sources */,
				A16C953B2AF0E44000C83F30 /* Transaction.swift in Sources */,
				DB5F52D02AF0C499004AFB5C /* ClassificationView.swift in Sources */,
				A16C953F2AF0F42800C83F30 /* addExpense.swift in Sources */,
				64F9ECBC2AF151F40090FC30 /* TestingWidgetsBundle.swift in Sources */,
				64647DF92AEA8760001B42F8 /* ExchangeRates.swift in Sources */,
				A16C95372AF0D1E500C83F30 /* Expenses.xcdatamodeld in Sources */,
				A152CE9A2AE8D91400870F2C /* CurrencyExchangeView.swift in Sources */,
				A152CE852AE8C57800870F2C /* IOS_Advanced_Assignment_4App.swift in Sources */,
				64F9EC6A2AF0C7360090FC30 /* Inexpensify.mlmodel in Sources */,
				646EA2532AEE95FB00A448B8 /* SearchBarView.swift in Sources */,
				646EA24E2AEE554400A448B8 /* CurrencyConverter.swift in Sources */,
				64F9ECA62AF1470F0090FC30 /* WidgetsData.swift in Sources */,
				A152CE9E2AE8D93D00870F2C /* ModelData.swift in Sources */,
				A152CEA32AE8E23C00870F2C /* PersistenceController.swift in Sources */,
			);
			runOnlyForDeploymentPostprocessing = 0;
		};
/* End PBXSourcesBuildPhase section */

/* Begin PBXTargetDependency section */
		64F9ECB72AF1503C0090FC30 /* PBXTargetDependency */ = {
			isa = PBXTargetDependency;
			target = 64F9ECAA2AF1503A0090FC30 /* TestingWidgetsExtension */;
			targetProxy = 64F9ECB62AF1503C0090FC30 /* PBXContainerItemProxy */;
		};
/* End PBXTargetDependency section */

/* Begin XCBuildConfiguration section */
		64F9ECBA2AF1503C0090FC30 /* Debug */ = {
			isa = XCBuildConfiguration;
			buildSettings = {
				ASSETCATALOG_COMPILER_GLOBAL_ACCENT_COLOR_NAME = AccentColor;
				ASSETCATALOG_COMPILER_WIDGET_BACKGROUND_COLOR_NAME = WidgetBackground;
				CODE_SIGN_STYLE = Automatic;
				CURRENT_PROJECT_VERSION = 1;
				GENERATE_INFOPLIST_FILE = YES;
				INFOPLIST_FILE = TestingWidgets/Info.plist;
				INFOPLIST_KEY_CFBundleDisplayName = TestingWidgets;
				INFOPLIST_KEY_NSHumanReadableCopyright = "";
				LD_RUNPATH_SEARCH_PATHS = (
					"$(inherited)",
					"@executable_path/Frameworks",
					"@executable_path/../../Frameworks",
				);
				MARKETING_VERSION = 1.0;
				PRODUCT_BUNDLE_IDENTIFIER = "organization.IOS-Advanced-Assignment-4.TestingWidgets";
				PRODUCT_NAME = "$(TARGET_NAME)";
				SKIP_INSTALL = YES;
				SWIFT_EMIT_LOC_STRINGS = YES;
				SWIFT_VERSION = 5.0;
				TARGETED_DEVICE_FAMILY = "1,2";
			};
			name = Debug;
		};
		64F9ECBB2AF1503C0090FC30 /* Release */ = {
			isa = XCBuildConfiguration;
			buildSettings = {
				ASSETCATALOG_COMPILER_GLOBAL_ACCENT_COLOR_NAME = AccentColor;
				ASSETCATALOG_COMPILER_WIDGET_BACKGROUND_COLOR_NAME = WidgetBackground;
				CODE_SIGN_STYLE = Automatic;
				CURRENT_PROJECT_VERSION = 1;
				GENERATE_INFOPLIST_FILE = YES;
				INFOPLIST_FILE = TestingWidgets/Info.plist;
				INFOPLIST_KEY_CFBundleDisplayName = TestingWidgets;
				INFOPLIST_KEY_NSHumanReadableCopyright = "";
				LD_RUNPATH_SEARCH_PATHS = (
					"$(inherited)",
					"@executable_path/Frameworks",
					"@executable_path/../../Frameworks",
				);
				MARKETING_VERSION = 1.0;
				PRODUCT_BUNDLE_IDENTIFIER = "organization.IOS-Advanced-Assignment-4.TestingWidgets";
				PRODUCT_NAME = "$(TARGET_NAME)";
				SKIP_INSTALL = YES;
				SWIFT_EMIT_LOC_STRINGS = YES;
				SWIFT_VERSION = 5.0;
				TARGETED_DEVICE_FAMILY = "1,2";
			};
			name = Release;
		};
		A152CE8D2AE8C57D00870F2C /* Debug */ = {
			isa = XCBuildConfiguration;
			buildSettings = {
				ALWAYS_SEARCH_USER_PATHS = NO;
				CLANG_ANALYZER_NONNULL = YES;
				CLANG_ANALYZER_NUMBER_OBJECT_CONVERSION = YES_AGGRESSIVE;
				CLANG_CXX_LANGUAGE_STANDARD = "gnu++20";
				CLANG_ENABLE_MODULES = YES;
				CLANG_ENABLE_OBJC_ARC = YES;
				CLANG_ENABLE_OBJC_WEAK = YES;
				CLANG_WARN_BLOCK_CAPTURE_AUTORELEASING = YES;
				CLANG_WARN_BOOL_CONVERSION = YES;
				CLANG_WARN_COMMA = YES;
				CLANG_WARN_CONSTANT_CONVERSION = YES;
				CLANG_WARN_DEPRECATED_OBJC_IMPLEMENTATIONS = YES;
				CLANG_WARN_DIRECT_OBJC_ISA_USAGE = YES_ERROR;
				CLANG_WARN_DOCUMENTATION_COMMENTS = YES;
				CLANG_WARN_EMPTY_BODY = YES;
				CLANG_WARN_ENUM_CONVERSION = YES;
				CLANG_WARN_INFINITE_RECURSION = YES;
				CLANG_WARN_INT_CONVERSION = YES;
				CLANG_WARN_NON_LITERAL_NULL_CONVERSION = YES;
				CLANG_WARN_OBJC_IMPLICIT_RETAIN_SELF = YES;
				CLANG_WARN_OBJC_LITERAL_CONVERSION = YES;
				CLANG_WARN_OBJC_ROOT_CLASS = YES_ERROR;
				CLANG_WARN_QUOTED_INCLUDE_IN_FRAMEWORK_HEADER = YES;
				CLANG_WARN_RANGE_LOOP_ANALYSIS = YES;
				CLANG_WARN_STRICT_PROTOTYPES = YES;
				CLANG_WARN_SUSPICIOUS_MOVE = YES;
				CLANG_WARN_UNGUARDED_AVAILABILITY = YES_AGGRESSIVE;
				CLANG_WARN_UNREACHABLE_CODE = YES;
				CLANG_WARN__DUPLICATE_METHOD_MATCH = YES;
				COPY_PHASE_STRIP = NO;
				DEBUG_INFORMATION_FORMAT = dwarf;
				ENABLE_STRICT_OBJC_MSGSEND = YES;
				ENABLE_TESTABILITY = YES;
				GCC_C_LANGUAGE_STANDARD = gnu11;
				GCC_DYNAMIC_NO_PIC = NO;
				GCC_NO_COMMON_BLOCKS = YES;
				GCC_OPTIMIZATION_LEVEL = 0;
				GCC_PREPROCESSOR_DEFINITIONS = (
					"DEBUG=1",
					"$(inherited)",
				);
				GCC_WARN_64_TO_32_BIT_CONVERSION = YES;
				GCC_WARN_ABOUT_RETURN_TYPE = YES_ERROR;
				GCC_WARN_UNDECLARED_SELECTOR = YES;
				GCC_WARN_UNINITIALIZED_AUTOS = YES_AGGRESSIVE;
				GCC_WARN_UNUSED_FUNCTION = YES;
				GCC_WARN_UNUSED_VARIABLE = YES;
				IPHONEOS_DEPLOYMENT_TARGET = 16.4;
				MTL_ENABLE_DEBUG_INFO = INCLUDE_SOURCE;
				MTL_FAST_MATH = YES;
				ONLY_ACTIVE_ARCH = YES;
				SDKROOT = iphoneos;
				SWIFT_ACTIVE_COMPILATION_CONDITIONS = DEBUG;
				SWIFT_OPTIMIZATION_LEVEL = "-Onone";
			};
			name = Debug;
		};
		A152CE8E2AE8C57D00870F2C /* Release */ = {
			isa = XCBuildConfiguration;
			buildSettings = {
				ALWAYS_SEARCH_USER_PATHS = NO;
				CLANG_ANALYZER_NONNULL = YES;
				CLANG_ANALYZER_NUMBER_OBJECT_CONVERSION = YES_AGGRESSIVE;
				CLANG_CXX_LANGUAGE_STANDARD = "gnu++20";
				CLANG_ENABLE_MODULES = YES;
				CLANG_ENABLE_OBJC_ARC = YES;
				CLANG_ENABLE_OBJC_WEAK = YES;
				CLANG_WARN_BLOCK_CAPTURE_AUTORELEASING = YES;
				CLANG_WARN_BOOL_CONVERSION = YES;
				CLANG_WARN_COMMA = YES;
				CLANG_WARN_CONSTANT_CONVERSION = YES;
				CLANG_WARN_DEPRECATED_OBJC_IMPLEMENTATIONS = YES;
				CLANG_WARN_DIRECT_OBJC_ISA_USAGE = YES_ERROR;
				CLANG_WARN_DOCUMENTATION_COMMENTS = YES;
				CLANG_WARN_EMPTY_BODY = YES;
				CLANG_WARN_ENUM_CONVERSION = YES;
				CLANG_WARN_INFINITE_RECURSION = YES;
				CLANG_WARN_INT_CONVERSION = YES;
				CLANG_WARN_NON_LITERAL_NULL_CONVERSION = YES;
				CLANG_WARN_OBJC_IMPLICIT_RETAIN_SELF = YES;
				CLANG_WARN_OBJC_LITERAL_CONVERSION = YES;
				CLANG_WARN_OBJC_ROOT_CLASS = YES_ERROR;
				CLANG_WARN_QUOTED_INCLUDE_IN_FRAMEWORK_HEADER = YES;
				CLANG_WARN_RANGE_LOOP_ANALYSIS = YES;
				CLANG_WARN_STRICT_PROTOTYPES = YES;
				CLANG_WARN_SUSPICIOUS_MOVE = YES;
				CLANG_WARN_UNGUARDED_AVAILABILITY = YES_AGGRESSIVE;
				CLANG_WARN_UNREACHABLE_CODE = YES;
				CLANG_WARN__DUPLICATE_METHOD_MATCH = YES;
				COPY_PHASE_STRIP = NO;
				DEBUG_INFORMATION_FORMAT = "dwarf-with-dsym";
				ENABLE_NS_ASSERTIONS = NO;
				ENABLE_STRICT_OBJC_MSGSEND = YES;
				GCC_C_LANGUAGE_STANDARD = gnu11;
				GCC_NO_COMMON_BLOCKS = YES;
				GCC_WARN_64_TO_32_BIT_CONVERSION = YES;
				GCC_WARN_ABOUT_RETURN_TYPE = YES_ERROR;
				GCC_WARN_UNDECLARED_SELECTOR = YES;
				GCC_WARN_UNINITIALIZED_AUTOS = YES_AGGRESSIVE;
				GCC_WARN_UNUSED_FUNCTION = YES;
				GCC_WARN_UNUSED_VARIABLE = YES;
				IPHONEOS_DEPLOYMENT_TARGET = 16.4;
				MTL_ENABLE_DEBUG_INFO = NO;
				MTL_FAST_MATH = YES;
				SDKROOT = iphoneos;
				SWIFT_COMPILATION_MODE = wholemodule;
				SWIFT_OPTIMIZATION_LEVEL = "-O";
				VALIDATE_PRODUCT = YES;
			};
			name = Release;
		};
		A152CE902AE8C57D00870F2C /* Debug */ = {
			isa = XCBuildConfiguration;
			buildSettings = {
				ALWAYS_EMBED_SWIFT_STANDARD_LIBRARIES = YES;
				ASSETCATALOG_COMPILER_APPICON_NAME = AppIcon;
				ASSETCATALOG_COMPILER_GLOBAL_ACCENT_COLOR_NAME = AccentColor;
				CODE_SIGN_STYLE = Automatic;
				CURRENT_PROJECT_VERSION = 1;
				DEVELOPMENT_ASSET_PATHS = "\"IOS_Advanced_Assignment_4/Preview Content\"";
				ENABLE_PREVIEWS = YES;
				GENERATE_INFOPLIST_FILE = YES;
				INFOPLIST_FILE = "IOS-Advanced-Assignment-4-Info.plist";
				INFOPLIST_KEY_UIApplicationSceneManifest_Generation = YES;
				INFOPLIST_KEY_UIApplicationSupportsIndirectInputEvents = YES;
				INFOPLIST_KEY_UILaunchScreen_Generation = YES;
				INFOPLIST_KEY_UISupportedInterfaceOrientations_iPad = "UIInterfaceOrientationPortrait UIInterfaceOrientationPortraitUpsideDown UIInterfaceOrientationLandscapeLeft UIInterfaceOrientationLandscapeRight";
				INFOPLIST_KEY_UISupportedInterfaceOrientations_iPhone = "UIInterfaceOrientationPortrait UIInterfaceOrientationLandscapeLeft UIInterfaceOrientationLandscapeRight";
				LD_RUNPATH_SEARCH_PATHS = (
					"$(inherited)",
					"@executable_path/Frameworks",
				);
				MARKETING_VERSION = 1.0;
				PRODUCT_BUNDLE_IDENTIFIER = "organization.IOS-Advanced-Assignment-4";
				PRODUCT_NAME = "$(TARGET_NAME)";
				SWIFT_EMIT_LOC_STRINGS = YES;
				SWIFT_VERSION = 5.0;
				TARGETED_DEVICE_FAMILY = "1,2";
			};
			name = Debug;
		};
		A152CE912AE8C57D00870F2C /* Release */ = {
			isa = XCBuildConfiguration;
			buildSettings = {
				ALWAYS_EMBED_SWIFT_STANDARD_LIBRARIES = YES;
				ASSETCATALOG_COMPILER_APPICON_NAME = AppIcon;
				ASSETCATALOG_COMPILER_GLOBAL_ACCENT_COLOR_NAME = AccentColor;
				CODE_SIGN_STYLE = Automatic;
				CURRENT_PROJECT_VERSION = 1;
				DEVELOPMENT_ASSET_PATHS = "\"IOS_Advanced_Assignment_4/Preview Content\"";
				ENABLE_PREVIEWS = YES;
				GENERATE_INFOPLIST_FILE = YES;
				INFOPLIST_FILE = "IOS-Advanced-Assignment-4-Info.plist";
				INFOPLIST_KEY_UIApplicationSceneManifest_Generation = YES;
				INFOPLIST_KEY_UIApplicationSupportsIndirectInputEvents = YES;
				INFOPLIST_KEY_UILaunchScreen_Generation = YES;
				INFOPLIST_KEY_UISupportedInterfaceOrientations_iPad = "UIInterfaceOrientationPortrait UIInterfaceOrientationPortraitUpsideDown UIInterfaceOrientationLandscapeLeft UIInterfaceOrientationLandscapeRight";
				INFOPLIST_KEY_UISupportedInterfaceOrientations_iPhone = "UIInterfaceOrientationPortrait UIInterfaceOrientationLandscapeLeft UIInterfaceOrientationLandscapeRight";
				LD_RUNPATH_SEARCH_PATHS = (
					"$(inherited)",
					"@executable_path/Frameworks",
				);
				MARKETING_VERSION = 1.0;
				PRODUCT_BUNDLE_IDENTIFIER = "organization.IOS-Advanced-Assignment-4";
				PRODUCT_NAME = "$(TARGET_NAME)";
				SWIFT_EMIT_LOC_STRINGS = YES;
				SWIFT_VERSION = 5.0;
				TARGETED_DEVICE_FAMILY = "1,2";
			};
			name = Release;
		};
/* End XCBuildConfiguration section */

/* Begin XCConfigurationList section */
		64F9ECB92AF1503C0090FC30 /* Build configuration list for PBXNativeTarget "TestingWidgetsExtension" */ = {
			isa = XCConfigurationList;
			buildConfigurations = (
				64F9ECBA2AF1503C0090FC30 /* Debug */,
				64F9ECBB2AF1503C0090FC30 /* Release */,
			);
			defaultConfigurationIsVisible = 0;
			defaultConfigurationName = Release;
		};
		A152CE7C2AE8C57800870F2C /* Build configuration list for PBXProject "IOS_Advanced_Assignment_4" */ = {
			isa = XCConfigurationList;
			buildConfigurations = (
				A152CE8D2AE8C57D00870F2C /* Debug */,
				A152CE8E2AE8C57D00870F2C /* Release */,
			);
			defaultConfigurationIsVisible = 0;
			defaultConfigurationName = Release;
		};
		A152CE8F2AE8C57D00870F2C /* Build configuration list for PBXNativeTarget "IOS_Advanced_Assignment_4" */ = {
			isa = XCConfigurationList;
			buildConfigurations = (
				A152CE902AE8C57D00870F2C /* Debug */,
				A152CE912AE8C57D00870F2C /* Release */,
			);
			defaultConfigurationIsVisible = 0;
			defaultConfigurationName = Release;
		};
/* End XCConfigurationList section */

/* Begin XCRemoteSwiftPackageReference section */
		646EA24F2AEE830D00A448B8 /* XCRemoteSwiftPackageReference "FlagKit" */ = {
			isa = XCRemoteSwiftPackageReference;
			repositoryURL = "https://github.com/madebybowtie/FlagKit";
			requirement = {
				kind = upToNextMajorVersion;
				minimumVersion = 2.0.0;
			};
		};
/* End XCRemoteSwiftPackageReference section */

/* Begin XCSwiftPackageProductDependency section */
		646EA2502AEE830D00A448B8 /* FlagKit */ = {
			isa = XCSwiftPackageProductDependency;
			package = 646EA24F2AEE830D00A448B8 /* XCRemoteSwiftPackageReference "FlagKit" */;
			productName = FlagKit;
		};
/* End XCSwiftPackageProductDependency section */

/* Begin XCVersionGroup section */
		A16C95352AF0D1E400C83F30 /* Expenses.xcdatamodeld */ = {
			isa = XCVersionGroup;
			children = (
				A16C95362AF0D1E400C83F30 /* Expenses.xcdatamodel */,
			);
			currentVersion = A16C95362AF0D1E400C83F30 /* Expenses.xcdatamodel */;
			path = Expenses.xcdatamodeld;
			sourceTree = "<group>";
			versionGroupType = wrapper.xcdatamodel;
		};
/* End XCVersionGroup section */
	};
	rootObject = A152CE792AE8C57800870F2C /* Project object */;
}
